# DO NOT EDIT MANUALLY - Managed by Fern Replay
version: "1.0"
generations:
  - commit_sha: f3c024ff9941bfb337f42928fff2fe3cc2a6b13c
    tree_hash: 20fa5e9ec629f449aef70a731fea116afd46b777
    timestamp: 2026-05-27T17:25:23.110Z
    cli_version: unknown
    generator_versions: {}
current_generation: f3c024ff9941bfb337f42928fff2fe3cc2a6b13c
patches: []
